PODS:
  - Flutter (1.0.0)
  - native_state (0.0.1):
    - Flutter

DEPENDENCIES:
  - Flutter (from `Flutter`)
  - native_state (from `.symlinks/plugins/native_state/ios`)

EXTERNAL SOURCES:
  Flutter:
    :path: Flutter
  native_state:
    :path: ".symlinks/plugins/native_state/ios"

SPEC CHECKSUMS:
  Flutter: 0e3d915762c693b495b44d77113d4970485de6ec
  native_state: f9996d96d651408a9d9d5e0738aed4cbcdd5165c

PODFILE CHECKSUM: 3a3db558cc071068e6e0ab7593875974d2184d8b

COCOAPODS: 1.9.1
